
Microsoft Visual Studio Solution File, Format Version 12.00
# Visual Studio Version 17
VisualStudioVersion = 17.14.36429.23
MinimumVisualStudioVersion = 10.0.40219.1
Project("{FAE04EC0-301F-11D3-BF4B-00C04F79EFBC}") = "ISP24-21", "ISP24-21\ISP24-21.csproj", "{EE7CD877-754F-48C2-A3C3-A54A4DF33A88}"
EndProject
Project("{FAE04EC0-301F-11D3-BF4B-00C04F79EFBC}") = "Lab1", "Lab1\Lab1.csproj", "{80AA5473-7678-4D53-BFFA-E73E0EE2DB56}"
EndProject
Project("{FAE04EC0-301F-11D3-BF4B-00C04F79EFBC}") = "Lab2", "Lab2\Lab2.csproj", "{B17E48F3-7B1E-469B-BED8-FF85F2A13CAC}"
EndProject
Project("{FAE04EC0-301F-11D3-BF4B-00C04F79EFBC}") = "lab3", "lab3\lab3.csproj", "{EAF69FF9-E55A-4624-9E87-953B25BBE660}"
EndProject
Project("{FAE04EC0-301F-11D3-BF4B-00C04F79EFBC}") = "Lab4", "Lab4\Lab4.csproj", "{2B6C3D81-F593-4CF4-B73B-F0A3D3685DA9}"
EndProject
Project("{FAE04EC0-301F-11D3-BF4B-00C04F79EFBC}") = "Lab6", "Lab6\Lab6.csproj", "{F518A48A-8A9C-424A-98FD-35256A39FA67}"
EndProject
Project("{FAE04EC0-301F-11D3-BF4B-00C04F79EFBC}") = "MyLib", "MyLib\MyLib.csproj", "{41D4B5B5-657E-4CA7-9A65-01377520522F}"
EndProject
Project("{FAE04EC0-301F-11D3-BF4B-00C04F79EFBC}") = "Lab7", "Lab7\Lab7.csproj", "{70227DF9-FBA8-4E64-908C-7728ED4B862E}"
EndProject
Project("{FAE04EC0-301F-11D3-BF4B-00C04F79EFBC}") = "Lab8", "Lab8\Lab8.csproj", "{5C557146-0EFB-410B-B533-AAB188573BCC}"
EndProject
Project("{FAE04EC0-301F-11D3-BF4B-00C04F79EFBC}") = "Lab9", "Lab9\Lab9.csproj", "{7E5218ED-8FE5-483B-BBA0-75ECF1C363EB}"
EndProject
Project("{FAE04EC0-301F-11D3-BF4B-00C04F79EFBC}") = "Lab10", "Lab10\Lab10.csproj", "{C2A1422C-1869-4EF4-A885-A7B7B2BE39AC}"
EndProject
Global
	GlobalSection(SolutionConfigurationPlatforms) = preSolution
		Debug|Any CPU = Debug|Any CPU
		Release|Any CPU = Release|Any CPU
	EndGlobalSection
	GlobalSection(ProjectConfigurationPlatforms) = postSolution
		{EE7CD877-754F-48C2-A3C3-A54A4DF33A88}.Debug|Any CPU.ActiveCfg = Debug|Any CPU
		{EE7CD877-754F-48C2-A3C3-A54A4DF33A88}.Debug|Any CPU.Build.0 = Debug|Any CPU
		{EE7CD877-754F-48C2-A3C3-A54A4DF33A88}.Release|Any CPU.ActiveCfg = Release|Any CPU
		{EE7CD877-754F-48C2-A3C3-A54A4DF33A88}.Release|Any CPU.Build.0 = Release|Any CPU
		{80AA5473-7678-4D53-BFFA-E73E0EE2DB56}.Debug|Any CPU.ActiveCfg = Debug|Any CPU
		{80AA5473-7678-4D53-BFFA-E73E0EE2DB56}.Debug|Any CPU.Build.0 = Debug|Any CPU
		{80AA5473-7678-4D53-BFFA-E73E0EE2DB56}.Release|Any CPU.ActiveCfg = Release|Any CPU
		{80AA5473-7678-4D53-BFFA-E73E0EE2DB56}.Release|Any CPU.Build.0 = Release|Any CPU
		{B17E48F3-7B1E-469B-BED8-FF85F2A13CAC}.Debug|Any CPU.ActiveCfg = Debug|Any CPU
		{B17E48F3-7B1E-469B-BED8-FF85F2A13CAC}.Debug|Any CPU.Build.0 = Debug|Any CPU
		{B17E48F3-7B1E-469B-BED8-FF85F2A13CAC}.Release|Any CPU.ActiveCfg = Release|Any CPU
		{B17E48F3-7B1E-469B-BED8-FF85F2A13CAC}.Release|Any CPU.Build.0 = Release|Any CPU
		{EAF69FF9-E55A-4624-9E87-953B25BBE660}.Debug|Any CPU.ActiveCfg = Debug|Any CPU
		{EAF69FF9-E55A-4624-9E87-953B25BBE660}.Debug|Any CPU.Build.0 = Debug|Any CPU
		{EAF69FF9-E55A-4624-9E87-953B25BBE660}.Release|Any CPU.ActiveCfg = Release|Any CPU
		{EAF69FF9-E55A-4624-9E87-953B25BBE660}.Release|Any CPU.Build.0 = Release|Any CPU
		{2B6C3D81-F593-4CF4-B73B-F0A3D3685DA9}.Debug|Any CPU.ActiveCfg = Debug|Any CPU
		{2B6C3D81-F593-4CF4-B73B-F0A3D3685DA9}.Debug|Any CPU.Build.0 = Debug|Any CPU
		{2B6C3D81-F593-4CF4-B73B-F0A3D3685DA9}.Release|Any CPU.ActiveCfg = Release|Any CPU
		{2B6C3D81-F593-4CF4-B73B-F0A3D3685DA9}.Release|Any CPU.Build.0 = Release|Any CPU
		{F518A48A-8A9C-424A-98FD-35256A39FA67}.Debug|Any CPU.ActiveCfg = Debug|Any CPU
		{F518A48A-8A9C-424A-98FD-35256A39FA67}.Debug|Any CPU.Build.0 = Debug|Any CPU
		{F518A48A-8A9C-424A-98FD-35256A39FA67}.Release|Any CPU.ActiveCfg = Release|Any CPU
		{F518A48A-8A9C-424A-98FD-35256A39FA67}.Release|Any CPU.Build.0 = Release|Any CPU
		{41D4B5B5-657E-4CA7-9A65-01377520522F}.Debug|Any CPU.ActiveCfg = Debug|Any CPU
		{41D4B5B5-657E-4CA7-9A65-01377520522F}.Debug|Any CPU.Build.0 = Debug|Any CPU
		{41D4B5B5-657E-4CA7-9A65-01377520522F}.Release|Any CPU.ActiveCfg = Release|Any CPU
		{41D4B5B5-657E-4CA7-9A65-01377520522F}.Release|Any CPU.Build.0 = Release|Any CPU
		{70227DF9-FBA8-4E64-908C-7728ED4B862E}.Debug|Any CPU.ActiveCfg = Debug|Any CPU
		{70227DF9-FBA8-4E64-908C-7728ED4B862E}.Debug|Any CPU.Build.0 = Debug|Any CPU
		{70227DF9-FBA8-4E64-908C-7728ED4B862E}.Release|Any CPU.ActiveCfg = Release|Any CPU
		{70227DF9-FBA8-4E64-908C-7728ED4B862E}.Release|Any CPU.Build.0 = Release|Any CPU
		{5C557146-0EFB-410B-B533-AAB188573BCC}.Debug|Any CPU.ActiveCfg = Debug|Any CPU
		{5C557146-0EFB-410B-B533-AAB188573BCC}.Debug|Any CPU.Build.0 = Debug|Any CPU
		{5C557146-0EFB-410B-B533-AAB188573BCC}.Release|Any CPU.ActiveCfg = Release|Any CPU
		{5C557146-0EFB-410B-B533-AAB188573BCC}.Release|Any CPU.Build.0 = Release|Any CPU
		{7E5218ED-8FE5-483B-BBA0-75ECF1C363EB}.Debug|Any CPU.ActiveCfg = Debug|Any CPU
		{7E5218ED-8FE5-483B-BBA0-75ECF1C363EB}.Debug|Any CPU.Build.0 = Debug|Any CPU
		{7E5218ED-8FE5-483B-BBA0-75ECF1C363EB}.Release|Any CPU.ActiveCfg = Release|Any CPU
		{7E5218ED-8FE5-483B-BBA0-75ECF1C363EB}.Release|Any CPU.Build.0 = Release|Any CPU
		{C2A1422C-1869-4EF4-A885-A7B7B2BE39AC}.Debug|Any CPU.ActiveCfg = Debug|Any CPU
		{C2A1422C-1869-4EF4-A885-A7B7B2BE39AC}.Debug|Any CPU.Build.0 = Debug|Any CPU
		{C2A1422C-1869-4EF4-A885-A7B7B2BE39AC}.Release|Any CPU.ActiveCfg = Release|Any CPU
		{C2A1422C-1869-4EF4-A885-A7B7B2BE39AC}.Release|Any CPU.Build.0 = Release|Any CPU
	EndGlobalSection
	GlobalSection(SolutionProperties) = preSolution
		HideSolutionNode = FALSE
	EndGlobalSection
	GlobalSection(ExtensibilityGlobals) = postSolution
		SolutionGuid = {7B783B76-C579-47CC-8577-64824898014E}
	EndGlobalSection
EndGlobal
